
Microsoft Visual Studio Solution File, Format Version 12.00
# Visual Studio Version 17
VisualStudioVersion = 17.11.35312.102
MinimumVisualStudioVersion = 10.0.40219.1
Project("{9A19103F-16F7-4668-BE54-9A1E7A4F7556}") = "TMDMediaFlexUMS", "TMDMediaFlexUMS\TMDMediaFlexUMS.csproj", "{7896B114-8C07-40DD-99D8-B29D64F9E2AF}"
EndProject
Project("{FAE04EC0-301F-11D3-BF4B-00C04F79EFBC}") = "TMDMediaFlexUMSTests", "TMDMediaFlexUMSTests\TMDMediaFlexUMSTests.csproj", "{51D24461-BA60-4CAC-B680-06127E7CB905}"
EndProject
Global
	GlobalSection(SolutionConfigurationPlatforms) = preSolution
		Debug|Any CPU = Debug|Any CPU
		Release|Any CPU = Release|Any CPU
	EndGlobalSection
	GlobalSection(ProjectConfigurationPlatforms) = postSolution
		{7896B114-8C07-40DD-99D8-B29D64F9E2AF}.Debug|Any CPU.ActiveCfg = Debug|Any CPU
		{7896B114-8C07-40DD-99D8-B29D64F9E2AF}.Debug|Any CPU.Build.0 = Debug|Any CPU
		{7896B114-8C07-40DD-99D8-B29D64F9E2AF}.Release|Any CPU.ActiveCfg = Release|Any CPU
		{7896B114-8C07-40DD-99D8-B29D64F9E2AF}.Release|Any CPU.Build.0 = Release|Any CPU
		{51D24461-BA60-4CAC-B680-06127E7CB905}.Debug|Any CPU.ActiveCfg = Debug|Any CPU
		{51D24461-BA60-4CAC-B680-06127E7CB905}.Debug|Any CPU.Build.0 = Debug|Any CPU
		{51D24461-BA60-4CAC-B680-06127E7CB905}.Release|Any CPU.ActiveCfg = Release|Any CPU
		{51D24461-BA60-4CAC-B680-06127E7CB905}.Release|Any CPU.Build.0 = Release|Any CPU
	EndGlobalSection
	GlobalSection(SolutionProperties) = preSolution
		HideSolutionNode = FALSE
	EndGlobalSection
	GlobalSection(ExtensibilityGlobals) = postSolution
		SolutionGuid = {F82CFEC0-0288-44D8-88C0-523BB1B24142}
	EndGlobalSection
EndGlobal
